
Microsoft Visual Studio Solution File, Format Version 12.00
# Visual Studio 15
VisualStudioVersion = 15.0.27703.2047
MinimumVisualStudioVersion = 10.0.40219.1
Project("{FAE04EC0-301F-11D3-BF4B-00C04F79EFBC}") = "MailSender", "MailSender\MailSender.csproj", "{4700EAF7-14BB-447A-8823-1532404595EB}"
EndProject
Global
	GlobalSection(SolutionConfigurationPlatforms) = preSolution
		Debug|Any CPU = Debug|Any CPU
		Release|Any CPU = Release|Any CPU
	EndGlobalSection
	GlobalSection(ProjectConfigurationPlatforms) = postSolution
		{4700EAF7-14BB-447A-8823-1532404595EB}.Debug|Any CPU.ActiveCfg = Debug|Any CPU
		{4700EAF7-14BB-447A-8823-1532404595EB}.Debug|Any CPU.Build.0 = Debug|Any CPU
		{4700EAF7-14BB-447A-8823-1532404595EB}.Release|Any CPU.ActiveCfg = Release|Any CPU
		{4700EAF7-14BB-447A-8823-1532404595EB}.Release|Any CPU.Build.0 = Release|Any CPU
	EndGlobalSection
	GlobalSection(SolutionProperties) = preSolution
		HideSolutionNode = FALSE
	EndGlobalSection
	GlobalSection(ExtensibilityGlobals) = postSolution
		SolutionGuid = {704B9203-024D-4714-A680-B4F2C4237602}
	EndGlobalSection
EndGlobal
